{
  "version": 4,
  "terraform_version": "1.11.3",
  "serial": 13,
  "lineage": "d19b914b-445e-81a0-deb5-9ec0bc44c0e3",
  "outputs": {},
  "resources": [
    {
      "mode": "managed",
      "type": "aws_s3_object",
      "name": "glue_script",
      "provider": "provider[\"registry.terraform.io/hashicorp/aws\"]",
      "instances": [
        {
          "schema_version": 0,
          "attributes": {
            "acl": null,
            "arn": "arn:aws:s3:::prod-bucket-for-all/glue_scripts/prod_rds_transfer.py",
            "bucket": "prod-bucket-for-all",
            "bucket_key_enabled": false,
            "cache_control": "",
            "checksum_algorithm": null,
            "checksum_crc32": "",
            "checksum_crc32c": "",
            "checksum_crc64nvme": "",
            "checksum_sha1": "",
            "checksum_sha256": "",
            "content": null,
            "content_base64": null,
            "content_disposition": "",
            "content_encoding": "",
            "content_language": "",
            "content_type": "application/octet-stream",
            "etag": "4be2c2cb7ee02cd22e8a363169720dad",
            "force_destroy": false,
            "id": "glue_scripts/prod_rds_transfer.py",
            "key": "glue_scripts/prod_rds_transfer.py",
            "kms_key_id": null,
            "metadata": {},
            "object_lock_legal_hold_status": "",
            "object_lock_mode": "",
            "object_lock_retain_until_date": "",
            "override_provider": [],
            "server_side_encryption": "AES256",
            "source": "artifacts/prod/prod_rds_transfer.py",
            "source_hash": null,
            "storage_class": "STANDARD",
            "tags": {},
            "tags_all": {},
            "version_id": "",
            "website_redirect": ""
          },
          "sensitive_attributes": [],
          "private": "bnVsbA=="
        }
      ]
    },
    {
      "mode": "managed",
      "type": "aws_s3_object",
      "name": "lambda_process_zip",
      "provider": "provider[\"registry.terraform.io/hashicorp/aws\"]",
      "instances": [
        {
          "schema_version": 0,
          "attributes": {
            "acl": null,
            "arn": "arn:aws:s3:::prod-bucket-for-all/prod_lambda_function_process.zip",
            "bucket": "prod-bucket-for-all",
            "bucket_key_enabled": false,
            "cache_control": "",
            "checksum_algorithm": null,
            "checksum_crc32": "",
            "checksum_crc32c": "",
            "checksum_crc64nvme": "",
            "checksum_sha1": "",
            "checksum_sha256": "",
            "content": null,
            "content_base64": null,
            "content_disposition": "",
            "content_encoding": "",
            "content_language": "",
            "content_type": "application/octet-stream",
            "etag": "9692426b35279cf2966f46b6bd85773f",
            "force_destroy": false,
            "id": "prod_lambda_function_process.zip",
            "key": "prod_lambda_function_process.zip",
            "kms_key_id": null,
            "metadata": {},
            "object_lock_legal_hold_status": "",
            "object_lock_mode": "",
            "object_lock_retain_until_date": "",
            "override_provider": [],
            "server_side_encryption": "AES256",
            "source": "artifacts/prod/prod_lambda_function_process.zip",
            "source_hash": null,
            "storage_class": "STANDARD",
            "tags": {},
            "tags_all": {},
            "version_id": "",
            "website_redirect": ""
          },
          "sensitive_attributes": [],
          "private": "bnVsbA=="
        }
      ]
    },
    {
      "mode": "managed",
      "type": "aws_s3_object",
      "name": "lambda_transfer_zip",
      "provider": "provider[\"registry.terraform.io/hashicorp/aws\"]",
      "instances": [
        {
          "schema_version": 0,
          "attributes": {
            "acl": null,
            "arn": "arn:aws:s3:::prod-bucket-for-all/prod_lambda_function_transfer.zip",
            "bucket": "prod-bucket-for-all",
            "bucket_key_enabled": false,
            "cache_control": "",
            "checksum_algorithm": null,
            "checksum_crc32": "",
            "checksum_crc32c": "",
            "checksum_crc64nvme": "",
            "checksum_sha1": "",
            "checksum_sha256": "",
            "content": null,
            "content_base64": null,
            "content_disposition": "",
            "content_encoding": "",
            "content_language": "",
            "content_type": "application/octet-stream",
            "etag": "b9b057155ff1c44abbecb2cb39b4fc70",
            "force_destroy": false,
            "id": "prod_lambda_function_transfer.zip",
            "key": "prod_lambda_function_transfer.zip",
            "kms_key_id": null,
            "metadata": {},
            "object_lock_legal_hold_status": "",
            "object_lock_mode": "",
            "object_lock_retain_until_date": "",
            "override_provider": [],
            "server_side_encryption": "AES256",
            "source": "artifacts/prod/prod_lambda_function_transfer.zip",
            "source_hash": null,
            "storage_class": "STANDARD",
            "tags": {},
            "tags_all": {},
            "version_id": "",
            "website_redirect": ""
          },
          "sensitive_attributes": [],
          "private": "bnVsbA=="
        }
      ]
    },
    {
      "module": "module.glue_job",
      "mode": "managed",
      "type": "aws_glue_job",
      "name": "this",
      "provider": "provider[\"registry.terraform.io/hashicorp/aws\"]",
      "instances": [
        {
          "schema_version": 0,
          "attributes": {
            "arn": "arn:aws:glue:us-east-2:640280335206:job/prod_rds_transfer",
            "command": [
              {
                "name": "glueetl",
                "python_version": "3",
                "runtime": "",
                "script_location": "s3://prod-bucket-for-all/glue_scripts/prod_rds_transfer.py"
              }
            ],
            "connections": [],
            "default_arguments": {
              "--additional-python-modules": "paramiko",
              "--debug": "false",
              "--enable-metrics": "true",
              "--env": "prod",
              "--region": "us-east-2"
            },
            "description": "",
            "execution_class": "",
            "execution_property": [
              {
                "max_concurrent_runs": 1
              }
            ],
            "glue_version": "5.0",
            "id": "prod_rds_transfer",
            "job_run_queuing_enabled": false,
            "maintenance_window": "",
            "max_capacity": 2,
            "max_retries": 0,
            "name": "prod_rds_transfer",
            "non_overridable_arguments": {},
            "notification_property": [],
            "number_of_workers": 2,
            "role_arn": "arn:aws:iam::640280335206:role/ncodedata-all-access-glue-job-role",
            "security_configuration": "",
            "source_control_details": [],
            "tags": {
              "Environment": "prod",
              "Job": "rds_transfer"
            },
            "tags_all": {
              "Environment": "prod",
              "Job": "rds_transfer"
            },
            "timeout": 480,
            "worker_type": "G.1X"
          },
          "sensitive_attributes": [],
          "private": "bnVsbA=="
        }
      ]
    },
    {
      "module": "module.lambda_process",
      "mode": "managed",
      "type": "aws_lambda_function",
      "name": "this",
      "provider": "provider[\"registry.terraform.io/hashicorp/aws\"]",
      "instances": [
        {
          "schema_version": 0,
          "attributes": {
            "architectures": [
              "x86_64"
            ],
            "arn": "arn:aws:lambda:us-east-2:640280335206:function:prod_lambda_function_process",
            "code_sha256": "dFvNc1d881LopFrSXcVBcUyyvOXUTWBHfKp05yuqf/U=",
            "code_signing_config_arn": "",
            "dead_letter_config": [],
            "description": "",
            "environment": [],
            "ephemeral_storage": [
              {
                "size": 512
              }
            ],
            "file_system_config": [],
            "filename": null,
            "function_name": "prod_lambda_function_process",
            "handler": "index.handler",
            "id": "prod_lambda_function_process",
            "image_config": [],
            "image_uri": "",
            "invoke_arn": "arn:aws:apigateway:us-east-2:lambda:path/2015-03-31/functions/arn:aws:lambda:us-east-2:640280335206:function:prod_lambda_function_process/invocations",
            "kms_key_arn": "",
            "last_modified": "2025-04-14T15:07:04.593+0000",
            "layers": [],
            "logging_config": [
              {
                "application_log_level": "",
                "log_format": "Text",
                "log_group": "/aws/lambda/prod_lambda_function_process",
                "system_log_level": ""
              }
            ],
            "memory_size": 128,
            "package_type": "Zip",
            "publish": false,
            "qualified_arn": "arn:aws:lambda:us-east-2:640280335206:function:prod_lambda_function_process:$LATEST",
            "qualified_invoke_arn": "arn:aws:apigateway:us-east-2:lambda:path/2015-03-31/functions/arn:aws:lambda:us-east-2:640280335206:function:prod_lambda_function_process:$LATEST/invocations",
            "replace_security_groups_on_destroy": null,
            "replacement_security_group_ids": null,
            "reserved_concurrent_executions": -1,
            "role": "arn:aws:iam::640280335206:role/project_lambda_dev_role",
            "runtime": "python3.13",
            "s3_bucket": "prod-bucket-for-all",
            "s3_key": "prod_lambda_function_process.zip",
            "s3_object_version": null,
            "signing_job_arn": "",
            "signing_profile_version_arn": "",
            "skip_destroy": false,
            "snap_start": [],
            "source_code_hash": "9692426b35279cf2966f46b6bd85773f",
            "source_code_size": 722,
            "tags": {
              "Environment": "prod"
            },
            "tags_all": {
              "Environment": "prod"
            },
            "timeout": 3,
            "timeouts": null,
            "tracing_config": [
              {
                "mode": "PassThrough"
              }
            ],
            "version": "$LATEST",
            "vpc_config": []
          },
          "sensitive_attributes": [],
          "private": "eyJlMmJmYjczMC1lY2FhLTExZTYtOGY4OC0zNDM2M2JjN2M0YzAiOnsiY3JlYXRlIjo2MDAwMDAwMDAwMDAsImRlbGV0ZSI6NjAwMDAwMDAwMDAwLCJ1cGRhdGUiOjYwMDAwMDAwMDAwMH19",
          "dependencies": [
            "aws_s3_object.lambda_process_zip"
          ]
        }
      ]
    },
    {
      "module": "module.lambda_transfer",
      "mode": "managed",
      "type": "aws_lambda_function",
      "name": "this",
      "provider": "provider[\"registry.terraform.io/hashicorp/aws\"]",
      "instances": [
        {
          "schema_version": 0,
          "attributes": {
            "architectures": [
              "x86_64"
            ],
            "arn": "arn:aws:lambda:us-east-2:640280335206:function:prod_lambda_function_transfer",
            "code_sha256": "BqlVfG06nSTRhi+5x11J65Lx/EvJa2k6WaPc1aSmqlA=",
            "code_signing_config_arn": "",
            "dead_letter_config": [],
            "description": "",
            "environment": [],
            "ephemeral_storage": [
              {
                "size": 512
              }
            ],
            "file_system_config": [],
            "filename": null,
            "function_name": "prod_lambda_function_transfer",
            "handler": "index.handler",
            "id": "prod_lambda_function_transfer",
            "image_config": [],
            "image_uri": "",
            "invoke_arn": "arn:aws:apigateway:us-east-2:lambda:path/2015-03-31/functions/arn:aws:lambda:us-east-2:640280335206:function:prod_lambda_function_transfer/invocations",
            "kms_key_arn": "",
            "last_modified": "2025-04-14T15:07:04.596+0000",
            "layers": [],
            "logging_config": [
              {
                "application_log_level": "",
                "log_format": "Text",
                "log_group": "/aws/lambda/prod_lambda_function_transfer",
                "system_log_level": ""
              }
            ],
            "memory_size": 128,
            "package_type": "Zip",
            "publish": false,
            "qualified_arn": "arn:aws:lambda:us-east-2:640280335206:function:prod_lambda_function_transfer:$LATEST",
            "qualified_invoke_arn": "arn:aws:apigateway:us-east-2:lambda:path/2015-03-31/functions/arn:aws:lambda:us-east-2:640280335206:function:prod_lambda_function_transfer:$LATEST/invocations",
            "replace_security_groups_on_destroy": null,
            "replacement_security_group_ids": null,
            "reserved_concurrent_executions": -1,
            "role": "arn:aws:iam::640280335206:role/project_lambda_dev_role",
            "runtime": "python3.13",
            "s3_bucket": "prod-bucket-for-all",
            "s3_key": "prod_lambda_function_transfer.zip",
            "s3_object_version": null,
            "signing_job_arn": "",
            "signing_profile_version_arn": "",
            "skip_destroy": false,
            "snap_start": [],
            "source_code_hash": "b9b057155ff1c44abbecb2cb39b4fc70",
            "source_code_size": 697,
            "tags": {
              "Environment": "prod"
            },
            "tags_all": {
              "Environment": "prod"
            },
            "timeout": 3,
            "timeouts": null,
            "tracing_config": [
              {
                "mode": "PassThrough"
              }
            ],
            "version": "$LATEST",
            "vpc_config": []
          },
          "sensitive_attributes": [],
          "private": "eyJlMmJmYjczMC1lY2FhLTExZTYtOGY4OC0zNDM2M2JjN2M0YzAiOnsiY3JlYXRlIjo2MDAwMDAwMDAwMDAsImRlbGV0ZSI6NjAwMDAwMDAwMDAwLCJ1cGRhdGUiOjYwMDAwMDAwMDAwMH19",
          "dependencies": [
            "aws_s3_object.lambda_transfer_zip"
          ]
        }
      ]
    },
    {
      "module": "module.step_function",
      "mode": "managed",
      "type": "aws_sfn_state_machine",
      "name": "this",
      "provider": "provider[\"registry.terraform.io/hashicorp/aws\"]",
      "instances": [
        {
          "schema_version": 0,
          "attributes": {
            "arn": "arn:aws:states:us-east-2:640280335206:stateMachine:prod_data_migration_step",
            "creation_date": "2025-04-14T15:07:03Z",
            "definition": "{\n  \"Comment\": \"A description of my state machine\",\n  \"StartAt\": \"process_lambda\",\n  \"States\": {\n    \"process_lambda\": {\n      \"Type\": \"Task\",\n      \"Resource\": \"arn:aws:states:::lambda:invoke\",\n      \"Output\": \"{% $states.result.Payload %}\",\n      \"Arguments\": {\n        \"FunctionName\": \"arn:aws:lambda:us-east-2:640280335206:function:uat_lambda_function_process:$LATEST\",\n        \"Payload\": \"{% $states.input %}\"\n      },\n      \"Retry\": [\n        {\n          \"ErrorEquals\": [\n            \"Lambda.ServiceException\",\n            \"Lambda.AWSLambdaException\",\n            \"Lambda.SdkClientException\",\n            \"Lambda.TooManyRequestsException\"\n          ],\n          \"IntervalSeconds\": 1,\n          \"MaxAttempts\": 3,\n          \"BackoffRate\": 2,\n          \"JitterStrategy\": \"FULL\"\n        }\n      ],\n      \"Next\": \"transfer_lambda\"\n    },\n    \"transfer_lambda\": {\n      \"Type\": \"Task\",\n      \"Resource\": \"arn:aws:states:::lambda:invoke\",\n      \"Output\": \"{% $states.result.Payload %}\",\n      \"Arguments\": {\n        \"FunctionName\": \"arn:aws:lambda:us-east-2:640280335206:function:uat_lambda_function_transfer:$LATEST\",\n        \"Payload\": \"{% $states.input %}\"\n      },\n      \"Retry\": [\n        {\n          \"ErrorEquals\": [\n            \"Lambda.ServiceException\",\n            \"Lambda.AWSLambdaException\",\n            \"Lambda.SdkClientException\",\n            \"Lambda.TooManyRequestsException\"\n          ],\n          \"IntervalSeconds\": 1,\n          \"MaxAttempts\": 3,\n          \"BackoffRate\": 2,\n          \"JitterStrategy\": \"FULL\"\n        }\n      ],\n      \"End\": true\n    }\n  },\n  \"QueryLanguage\": \"JSONata\"\n}",
            "description": "",
            "encryption_configuration": [
              {
                "kms_data_key_reuse_period_seconds": 0,
                "kms_key_id": "",
                "type": "AWS_OWNED_KEY"
              }
            ],
            "id": "arn:aws:states:us-east-2:640280335206:stateMachine:prod_data_migration_step",
            "logging_configuration": [
              {
                "include_execution_data": false,
                "level": "OFF",
                "log_destination": ""
              }
            ],
            "name": "prod_data_migration_step",
            "name_prefix": "",
            "publish": false,
            "revision_id": "",
            "role_arn": "arn:aws:iam::640280335206:role/ncd-step-function-role",
            "state_machine_version_arn": "",
            "status": "ACTIVE",
            "tags": {
              "Component": "migration",
              "Environment": "prod"
            },
            "tags_all": {
              "Component": "migration",
              "Environment": "prod"
            },
            "timeouts": null,
            "tracing_configuration": [
              {
                "enabled": false
              }
            ],
            "type": "STANDARD",
            "version_description": null
          },
          "sensitive_attributes": [],
          "private": "eyJlMmJmYjczMC1lY2FhLTExZTYtOGY4OC0zNDM2M2JjN2M0YzAiOnsiY3JlYXRlIjozMDAwMDAwMDAwMDAsImRlbGV0ZSI6MzAwMDAwMDAwMDAwLCJ1cGRhdGUiOjYwMDAwMDAwMDAwfX0="
        }
      ]
    }
  ],
  "check_results": null
}
